
Microsoft Visual Studio Solution File, Format Version 12.00
# Visual Studio Version 17
VisualStudioVersion = 17.0.31903.59
MinimumVisualStudioVersion = 10.0.40219.1
Project("{FAE04EC0-301F-11D3-BF4B-00C04F79EFBC}") = "API", "API\API.csproj", "{AB37789D-D229-4C57-94FD-0BA93B755652}"
EndProject
Project("{FAE04EC0-301F-11D3-BF4B-00C04F79EFBC}") = "Application", "Application\Application.csproj", "{D9D452F7-99E2-45B1-B75E-719F6C602D6E}"
EndProject
Project("{FAE04EC0-301F-11D3-BF4B-00C04F79EFBC}") = "Persistence", "Persistence\Persistence.csproj", "{30BE895E-22E9-4BB8-9A0E-013D27B19DEC}"
EndProject
Project("{FAE04EC0-301F-11D3-BF4B-00C04F79EFBC}") = "Domain", "Domain\Domain.csproj", "{63CCDA35-C47E-47CD-80EB-74BAF8BE4D02}"
EndProject
Global
	GlobalSection(SolutionConfigurationPlatforms) = preSolution
		Debug|Any CPU = Debug|Any CPU
		Debug|x64 = Debug|x64
		Debug|x86 = Debug|x86
		Release|Any CPU = Release|Any CPU
		Release|x64 = Release|x64
		Release|x86 = Release|x86
	EndGlobalSection
	GlobalSection(ProjectConfigurationPlatforms) = postSolution
		{AB37789D-D229-4C57-94FD-0BA93B755652}.Debug|Any CPU.ActiveCfg = Debug|Any CPU
		{AB37789D-D229-4C57-94FD-0BA93B755652}.Debug|Any CPU.Build.0 = Debug|Any CPU
		{AB37789D-D229-4C57-94FD-0BA93B755652}.Debug|x64.ActiveCfg = Debug|Any CPU
		{AB37789D-D229-4C57-94FD-0BA93B755652}.Debug|x64.Build.0 = Debug|Any CPU
		{AB37789D-D229-4C57-94FD-0BA93B755652}.Debug|x86.ActiveCfg = Debug|Any CPU
		{AB37789D-D229-4C57-94FD-0BA93B755652}.Debug|x86.Build.0 = Debug|Any CPU
		{AB37789D-D229-4C57-94FD-0BA93B755652}.Release|Any CPU.ActiveCfg = Release|Any CPU
		{AB37789D-D229-4C57-94FD-0BA93B755652}.Release|Any CPU.Build.0 = Release|Any CPU
		{AB37789D-D229-4C57-94FD-0BA93B755652}.Release|x64.ActiveCfg = Release|Any CPU
		{AB37789D-D229-4C57-94FD-0BA93B755652}.Release|x64.Build.0 = Release|Any CPU
		{AB37789D-D229-4C57-94FD-0BA93B755652}.Release|x86.ActiveCfg = Release|Any CPU
		{AB37789D-D229-4C57-94FD-0BA93B755652}.Release|x86.Build.0 = Release|Any CPU
		{D9D452F7-99E2-45B1-B75E-719F6C602D6E}.Debug|Any CPU.ActiveCfg = Debug|Any CPU
		{D9D452F7-99E2-45B1-B75E-719F6C602D6E}.Debug|Any CPU.Build.0 = Debug|Any CPU
		{D9D452F7-99E2-45B1-B75E-719F6C602D6E}.Debug|x64.ActiveCfg = Debug|Any CPU
		{D9D452F7-99E2-45B1-B75E-719F6C602D6E}.Debug|x64.Build.0 = Debug|Any CPU
		{D9D452F7-99E2-45B1-B75E-719F6C602D6E}.Debug|x86.ActiveCfg = Debug|Any CPU
		{D9D452F7-99E2-45B1-B75E-719F6C602D6E}.Debug|x86.Build.0 = Debug|Any CPU
		{D9D452F7-99E2-45B1-B75E-719F6C602D6E}.Release|Any CPU.ActiveCfg = Release|Any CPU
		{D9D452F7-99E2-45B1-B75E-719F6C602D6E}.Release|Any CPU.Build.0 = Release|Any CPU
		{D9D452F7-99E2-45B1-B75E-719F6C602D6E}.Release|x64.ActiveCfg = Release|Any CPU
		{D9D452F7-99E2-45B1-B75E-719F6C602D6E}.Release|x64.Build.0 = Release|Any CPU
		{D9D452F7-99E2-45B1-B75E-719F6C602D6E}.Release|x86.ActiveCfg = Release|Any CPU
		{D9D452F7-99E2-45B1-B75E-719F6C602D6E}.Release|x86.Build.0 = Release|Any CPU
		{30BE895E-22E9-4BB8-9A0E-013D27B19DEC}.Debug|Any CPU.ActiveCfg = Debug|Any CPU
		{30BE895E-22E9-4BB8-9A0E-013D27B19DEC}.Debug|Any CPU.Build.0 = Debug|Any CPU
		{30BE895E-22E9-4BB8-9A0E-013D27B19DEC}.Debug|x64.ActiveCfg = Debug|Any CPU
		{30BE895E-22E9-4BB8-9A0E-013D27B19DEC}.Debug|x64.Build.0 = Debug|Any CPU
		{30BE895E-22E9-4BB8-9A0E-013D27B19DEC}.Debug|x86.ActiveCfg = Debug|Any CPU
		{30BE895E-22E9-4BB8-9A0E-013D27B19DEC}.Debug|x86.Build.0 = Debug|Any CPU
		{30BE895E-22E9-4BB8-9A0E-013D27B19DEC}.Release|Any CPU.ActiveCfg = Release|Any CPU
		{30BE895E-22E9-4BB8-9A0E-013D27B19DEC}.Release|Any CPU.Build.0 = Release|Any CPU
		{30BE895E-22E9-4BB8-9A0E-013D27B19DEC}.Release|x64.ActiveCfg = Release|Any CPU
		{30BE895E-22E9-4BB8-9A0E-013D27B19DEC}.Release|x64.Build.0 = Release|Any CPU
		{30BE895E-22E9-4BB8-9A0E-013D27B19DEC}.Release|x86.ActiveCfg = Release|Any CPU
		{30BE895E-22E9-4BB8-9A0E-013D27B19DEC}.Release|x86.Build.0 = Release|Any CPU
		{63CCDA35-C47E-47CD-80EB-74BAF8BE4D02}.Debug|Any CPU.ActiveCfg = Debug|Any CPU
		{63CCDA35-C47E-47CD-80EB-74BAF8BE4D02}.Debug|Any CPU.Build.0 = Debug|Any CPU
		{63CCDA35-C47E-47CD-80EB-74BAF8BE4D02}.Debug|x64.ActiveCfg = Debug|Any CPU
		{63CCDA35-C47E-47CD-80EB-74BAF8BE4D02}.Debug|x64.Build.0 = Debug|Any CPU
		{63CCDA35-C47E-47CD-80EB-74BAF8BE4D02}.Debug|x86.ActiveCfg = Debug|Any CPU
		{63CCDA35-C47E-47CD-80EB-74BAF8BE4D02}.Debug|x86.Build.0 = Debug|Any CPU
		{63CCDA35-C47E-47CD-80EB-74BAF8BE4D02}.Release|Any CPU.ActiveCfg = Release|Any CPU
		{63CCDA35-C47E-47CD-80EB-74BAF8BE4D02}.Release|Any CPU.Build.0 = Release|Any CPU
		{63CCDA35-C47E-47CD-80EB-74BAF8BE4D02}.Release|x64.ActiveCfg = Release|Any CPU
		{63CCDA35-C47E-47CD-80EB-74BAF8BE4D02}.Release|x64.Build.0 = Release|Any CPU
		{63CCDA35-C47E-47CD-80EB-74BAF8BE4D02}.Release|x86.ActiveCfg = Release|Any CPU
		{63CCDA35-C47E-47CD-80EB-74BAF8BE4D02}.Release|x86.Build.0 = Release|Any CPU
	EndGlobalSection
	GlobalSection(SolutionProperties) = preSolution
		HideSolutionNode = FALSE
	EndGlobalSection
EndGlobal
